
Microsoft Visual Studio Solution File, Format Version 12.00
# Visual Studio Version 17
VisualStudioVersion = 17.14.36109.1 d17.14
MinimumVisualStudioVersion = 10.0.40219.1
Project("{FAE04EC0-301F-11D3-BF4B-00C04F79EFBC}") = "LibraryAPI", "LibraryAPI\LibraryAPI.csproj", "{9DBFB9C1-A737-4CC1-BC7E-2E4DCB8ABEF2}"
EndProject
Global
	GlobalSection(SolutionConfigurationPlatforms) = preSolution
		Debug|Any CPU = Debug|Any CPU
		Release|Any CPU = Release|Any CPU
	EndGlobalSection
	GlobalSection(ProjectConfigurationPlatforms) = postSolution
		{9DBFB9C1-A737-4CC1-BC7E-2E4DCB8ABEF2}.Debug|Any CPU.ActiveCfg = Debug|Any CPU
		{9DBFB9C1-A737-4CC1-BC7E-2E4DCB8ABEF2}.Debug|Any CPU.Build.0 = Debug|Any CPU
		{9DBFB9C1-A737-4CC1-BC7E-2E4DCB8ABEF2}.Release|Any CPU.ActiveCfg = Release|Any CPU
		{9DBFB9C1-A737-4CC1-BC7E-2E4DCB8ABEF2}.Release|Any CPU.Build.0 = Release|Any CPU
	EndGlobalSection
	GlobalSection(SolutionProperties) = preSolution
		HideSolutionNode = FALSE
	EndGlobalSection
	GlobalSection(ExtensibilityGlobals) = postSolution
		SolutionGuid = {26D242E2-5A59-4FCF-9FBA-6DA1EED46D40}
	EndGlobalSection
EndGlobal
